%{
  "combinatorics": {:hex, :combinatorics, "0.1.0", "88c870a34196ff32243180c6abdc947c57877b35915d5f0a444f3f052aa27134", [:mix], [], "hexpm", "81f54a189887ce536decad76fde62f87abdcd4b64bcd0cec7b72a5995f2d36fa"},
  "libgraph": {:hex, :libgraph, "0.16.0", "3936f3eca6ef826e08880230f806bfea13193e49bf153f93edcf0239d4fd1d07", [:mix], [], "hexpm", "41ca92240e8a4138c30a7e06466acc709b0cbb795c643e9e17174a178982d6bf"},
  "propcheck": {:hex, :propcheck, "1.4.1", "c12908dbe6f572032928548089b34ff9d40672d5d70f1562e3a9e9058d226cc9", [:mix], [{:libgraph, "~> 0.13", [hex: :libgraph, repo: "hexpm", optional: false]}, {:proper, "~> 1.4", [hex: :proper, repo: "hexpm", optional: false]}], "hexpm", "e1b088f574785c3c7e864da16f39082d5599b3aaf89086d3f9be6adb54464b19"},
  "proper": {:hex, :proper, "1.4.0", "89a44b8c39d28bb9b4be8e4d715d534905b325470f2e0ec5e004d12484a79434", [:rebar3], [], "hexpm", "18285842185bd33efbda97d134a5cb5a0884384db36119fee0e3cfa488568cbb"},
  "stream_data": {:hex, :stream_data, "1.1.2", "05499eaec0443349ff877aaabc6e194e82bda6799b9ce6aaa1aadac15a9fdb4d", [:mix], [], "hexpm", "129558d2c77cbc1eb2f4747acbbea79e181a5da51108457000020a906813a1a9"},
}
